// !$*UTF8*$!
{
	archiveVersion = 1;
	classes = {
	};
	objectVersion = 55;
	objects = {

/* Begin PBXBuildFile section */
		0903693F285FE2FF002D90E6 /* SignupViewController.swift in Sources */ = {isa = PBXBuildFile; fileRef = 0903693E285FE2FF002D90E6 /* SignupViewController.swift */; };
		09190D972886E5AC00B9EA77 /* DetailMovieViewController.swift in Sources */ = {isa = PBXBuildFile; fileRef = 09190D962886E5AC00B9EA77 /* DetailMovieViewController.swift */; };
		09190D9E2887318000B9EA77 /* DetailMovieViewModel.swift in Sources */ = {isa = PBXBuildFile; fileRef = 09190D9D2887318000B9EA77 /* DetailMovieViewModel.swift */; };
		09190DA02888D29500B9EA77 /* DetailMovieService.swift in Sources */ = {isa = PBXBuildFile; fileRef = 09190D9F2888D29500B9EA77 /* DetailMovieService.swift */; };
		09190DA22888D3A800B9EA77 /* MovieDetails.swift in Sources */ = {isa = PBXBuildFile; fileRef = 09190DA12888D3A800B9EA77 /* MovieDetails.swift */; };
		09190DAA2888D50200B9EA77 /* Genre.swift in Sources */ = {isa = PBXBuildFile; fileRef = 09190DA92888D50200B9EA77 /* Genre.swift */; };
		09276B26286F495E003D2A91 /* LogInViewController.swift in Sources */ = {isa = PBXBuildFile; fileRef = 09276B25286F495E003D2A91 /* LogInViewController.swift */; };
		092E2F9D287B1F7200AD5015 /* TopMovieViewController.swift in Sources */ = {isa = PBXBuildFile; fileRef = 092E2F9C287B1F7200AD5015 /* TopMovieViewController.swift */; };
		092E2F9F287B206700AD5015 /* TopMovieViewModel.swift in Sources */ = {isa = PBXBuildFile; fileRef = 092E2F9E287B206700AD5015 /* TopMovieViewModel.swift */; };
		095EDE41281B7B3C00EED2B6 /* GoogleService-Info.plist in Resources */ = {isa = PBXBuildFile; fileRef = 095EDE40281B7B3C00EED2B6 /* GoogleService-Info.plist */; };
		098ACF942845293F0057CEF4 /* CallAPI.swift in Sources */ = {isa = PBXBuildFile; fileRef = 098ACF932845293F0057CEF4 /* CallAPI.swift */; };
		098ACFA428454A860057CEF4 /* LogInViewModel.swift in Sources */ = {isa = PBXBuildFile; fileRef = 098ACFA328454A860057CEF4 /* LogInViewModel.swift */; };
		098B2B04286D3FB6000478A9 /* SignupViewModel.swift in Sources */ = {isa = PBXBuildFile; fileRef = 098B2B03286D3FB6000478A9 /* SignupViewModel.swift */; };
		098B2B06286D4401000478A9 /* ValidationsData.swift in Sources */ = {isa = PBXBuildFile; fileRef = 098B2B05286D4401000478A9 /* ValidationsData.swift */; };
		098B310A287B61C40059C6B8 /* TopMovieService.swift in Sources */ = {isa = PBXBuildFile; fileRef = 098B3109287B61C40059C6B8 /* TopMovieService.swift */; };
		09A0A29E2814D250002A13A7 /* Constants.swift in Sources */ = {isa = PBXBuildFile; fileRef = 09A0A29D2814D250002A13A7 /* Constants.swift */; };
		09A341FF287F04E700C06982 /* UIImageView+Extension.swift in Sources */ = {isa = PBXBuildFile; fileRef = 09A341FE287F04E700C06982 /* UIImageView+Extension.swift */; };
		09A34204287FC4B900C06982 /* TopMovieCustomCell.swift in Sources */ = {isa = PBXBuildFile; fileRef = 09A34203287FC4B900C06982 /* TopMovieCustomCell.swift */; };
		09A696762814816500D9A937 /* AppDelegate.swift in Sources */ = {isa = PBXBuildFile; fileRef = 09A696752814816500D9A937 /* AppDelegate.swift */; };
		09A696782814816500D9A937 /* SceneDelegate.swift in Sources */ = {isa = PBXBuildFile; fileRef = 09A696772814816500D9A937 /* SceneDelegate.swift */; };
		09A6967F2814816A00D9A937 /* Assets.xcassets in Resources */ = {isa = PBXBuildFile; fileRef = 09A6967E2814816A00D9A937 /* Assets.xcassets */; };
		09A696822814816A00D9A937 /* LaunchScreen.storyboard in Resources */ = {isa = PBXBuildFile; fileRef = 09A696802814816A00D9A937 /* LaunchScreen.storyboard */; };
		09B4A5212881D7FA009EF7AE /* SpinnerLoadDelegate.swift in Sources */ = {isa = PBXBuildFile; fileRef = 09B4A5202881D7FA009EF7AE /* SpinnerLoadDelegate.swift */; };
		09B4A5402885EDB5009EF7AE /* Movies.swift in Sources */ = {isa = PBXBuildFile; fileRef = 09B4A53E2885EDB4009EF7AE /* Movies.swift */; };
		09B4A5412885EDB5009EF7AE /* Movie.swift in Sources */ = {isa = PBXBuildFile; fileRef = 09B4A53F2885EDB5009EF7AE /* Movie.swift */; };
		09B4A5432886371C009EF7AE /* MovieModel.swift in Sources */ = {isa = PBXBuildFile; fileRef = 09B4A5422886371C009EF7AE /* MovieModel.swift */; };
		F17BA0EC42A26CFAA2107220 /* Pods_MovieApp_2_0.framework in Frameworks */ = {isa = PBXBuildFile; fileRef = 158A3D57E3F077C222D87395 /* Pods_MovieApp_2_0.framework */; };
/* End PBXBuildFile section */

/* Begin PBXFileReference section */
		0838E1912A0194BAC978FBC2 /* Pods-MovieApp 2.0.debug.xcconfig */ = {isa = PBXFileReference; includeInIndex = 1; lastKnownFileType = text.xcconfig; name = "Pods-MovieApp 2.0.debug.xcconfig"; path = "Target Support Files/Pods-MovieApp 2.0/Pods-MovieApp 2.0.debug.xcconfig"; sourceTree = "<group>"; };
		0903693E285FE2FF002D90E6 /* SignupViewController.swift */ = {isa = PBXFileReference; lastKnownFileType = sourcecode.swift; path = SignupViewController.swift; sourceTree = "<group>"; };
		09190D962886E5AC00B9EA77 /* DetailMovieViewController.swift */ = {isa = PBXFileReference; lastKnownFileType = sourcecode.swift; path = DetailMovieViewController.swift; sourceTree = "<group>"; };
		09190D9D2887318000B9EA77 /* DetailMovieViewModel.swift */ = {isa = PBXFileReference; lastKnownFileType = sourcecode.swift; path = DetailMovieViewModel.swift; sourceTree = "<group>"; };
		09190D9F2888D29500B9EA77 /* DetailMovieService.swift */ = {isa = PBXFileReference; lastKnownFileType = sourcecode.swift; path = DetailMovieService.swift; sourceTree = "<group>"; };
		09190DA12888D3A800B9EA77 /* MovieDetails.swift */ = {isa = PBXFileReference; lastKnownFileType = sourcecode.swift; path = MovieDetails.swift; sourceTree = "<group>"; };
		09190DA92888D50200B9EA77 /* Genre.swift */ = {isa = PBXFileReference; lastKnownFileType = sourcecode.swift; path = Genre.swift; sourceTree = "<group>"; };
		09276B25286F495E003D2A91 /* LogInViewController.swift */ = {isa = PBXFileReference; lastKnownFileType = sourcecode.swift; path = LogInViewController.swift; sourceTree = "<group>"; };
		092E2F9C287B1F7200AD5015 /* TopMovieViewController.swift */ = {isa = PBXFileReference; lastKnownFileType = sourcecode.swift; path = TopMovieViewController.swift; sourceTree = "<group>"; };
		092E2F9E287B206700AD5015 /* TopMovieViewModel.swift */ = {isa = PBXFileReference; lastKnownFileType = sourcecode.swift; path = TopMovieViewModel.swift; sourceTree = "<group>"; };
		095EDE40281B7B3C00EED2B6 /* GoogleService-Info.plist */ = {isa = PBXFileReference; fileEncoding = 4; lastKnownFileType = text.plist.xml; path = "GoogleService-Info.plist"; sourceTree = "<group>"; };
		098ACF932845293F0057CEF4 /* CallAPI.swift */ = {isa = PBXFileReference; lastKnownFileType = sourcecode.swift; path = CallAPI.swift; sourceTree = "<group>"; };
		098ACFA328454A860057CEF4 /* LogInViewModel.swift */ = {isa = PBXFileReference; lastKnownFileType = sourcecode.swift; path = LogInViewModel.swift; sourceTree = "<group>"; };
		098B2B03286D3FB6000478A9 /* SignupViewModel.swift */ = {isa = PBXFileReference; lastKnownFileType = sourcecode.swift; path = SignupViewModel.swift; sourceTree = "<group>"; };
		098B2B05286D4401000478A9 /* ValidationsData.swift */ = {isa = PBXFileReference; lastKnownFileType = sourcecode.swift; path = ValidationsData.swift; sourceTree = "<group>"; };
		098B3109287B61C40059C6B8 /* TopMovieService.swift */ = {isa = PBXFileReference; lastKnownFileType = sourcecode.swift; path = TopMovieService.swift; sourceTree = "<group>"; };
		09A0A29D2814D250002A13A7 /* Constants.swift */ = {isa = PBXFileReference; lastKnownFileType = sourcecode.swift; path = Constants.swift; sourceTree = "<group>"; };
		09A341FE287F04E700C06982 /* UIImageView+Extension.swift */ = {isa = PBXFileReference; lastKnownFileType = sourcecode.swift; path = "UIImageView+Extension.swift"; sourceTree = "<group>"; };
		09A34203287FC4B900C06982 /* TopMovieCustomCell.swift */ = {isa = PBXFileReference; lastKnownFileType = sourcecode.swift; path = TopMovieCustomCell.swift; sourceTree = "<group>"; };
		09A696722814816500D9A937 /* MovieApp 2.0.app */ = {isa = PBXFileReference; explicitFileType = wrapper.application; includeInIndex = 0; path = "MovieApp 2.0.app"; sourceTree = BUILT_PRODUCTS_DIR; };
		09A696752814816500D9A937 /* AppDelegate.swift */ = {isa = PBXFileReference; lastKnownFileType = sourcecode.swift; path = AppDelegate.swift; sourceTree = "<group>"; };
		09A696772814816500D9A937 /* SceneDelegate.swift */ = {isa = PBXFileReference; lastKnownFileType = sourcecode.swift; path = SceneDelegate.swift; sourceTree = "<group>"; };
		09A6967E2814816A00D9A937 /* Assets.xcassets */ = {isa = PBXFileReference; lastKnownFileType = folder.assetcatalog; path = Assets.xcassets; sourceTree = "<group>"; };
		09A696812814816A00D9A937 /* Base */ = {isa = PBXFileReference; lastKnownFileType = file.storyboard; name = Base; path = Base.lproj/LaunchScreen.storyboard; sourceTree = "<group>"; };
		09A696832814816A00D9A937 /* Info.plist */ = {isa = PBXFileReference; lastKnownFileType = text.plist.xml; path = Info.plist; sourceTree = "<group>"; };
		09B4A5202881D7FA009EF7AE /* SpinnerLoadDelegate.swift */ = {isa = PBXFileReference; lastKnownFileType = sourcecode.swift; path = SpinnerLoadDelegate.swift; sourceTree = "<group>"; };
		09B4A53E2885EDB4009EF7AE /* Movies.swift */ = {isa = PBXFileReference; fileEncoding = 4; lastKnownFileType = sourcecode.swift; path = Movies.swift; sourceTree = "<group>"; };
		09B4A53F2885EDB5009EF7AE /* Movie.swift */ = {isa = PBXFileReference; fileEncoding = 4; lastKnownFileType = sourcecode.swift; path = Movie.swift; sourceTree = "<group>"; };
		09B4A5422886371C009EF7AE /* MovieModel.swift */ = {isa = PBXFileReference; lastKnownFileType = sourcecode.swift; path = MovieModel.swift; sourceTree = "<group>"; };
		158A3D57E3F077C222D87395 /* Pods_MovieApp_2_0.framework */ = {isa = PBXFileReference; explicitFileType = wrapper.framework; includeInIndex = 0; path = Pods_MovieApp_2_0.framework; sourceTree = BUILT_PRODUCTS_DIR; };
		98C7FF382D3731FF527FC1CA /* Pods-MovieApp 2.0.release.xcconfig */ = {isa = PBXFileReference; includeInIndex = 1; lastKnownFileType = text.xcconfig; name = "Pods-MovieApp 2.0.release.xcconfig"; path = "Target Support Files/Pods-MovieApp 2.0/Pods-MovieApp 2.0.release.xcconfig"; sourceTree = "<group>"; };
/* End PBXFileReference section */

/* Begin PBXFrameworksBuildPhase section */
		09A6966F2814816500D9A937 /* Frameworks */ = {
			isa = PBXFrameworksBuildPhase;
			buildActionMask = 2147483647;
			files = (
				F17BA0EC42A26CFAA2107220 /* Pods_MovieApp_2_0.framework in Frameworks */,
			);
			runOnlyForDeploymentPostprocessing = 0;
		};
/* End PBXFrameworksBuildPhase section */

/* Begin PBXGroup section */
		09190D982886E5B600B9EA77 /* Detail Movie */ = {
			isa = PBXGroup;
			children = (
				09190D9C288716BA00B9EA77 /* Model */,
				09190D9B288716A900B9EA77 /* Service */,
				09190D992887168C00B9EA77 /* ViewModel */,
				09190D9A2887169800B9EA77 /* View */,
			);
			path = "Detail Movie";
			sourceTree = "<group>";
		};
		09190D992887168C00B9EA77 /* ViewModel */ = {
			isa = PBXGroup;
			children = (
				09190D9D2887318000B9EA77 /* DetailMovieViewModel.swift */,
			);
			path = ViewModel;
			sourceTree = "<group>";
		};
		09190D9A2887169800B9EA77 /* View */ = {
			isa = PBXGroup;
			children = (
				09190D962886E5AC00B9EA77 /* DetailMovieViewController.swift */,
			);
			path = View;
			sourceTree = "<group>";
		};
		09190D9B288716A900B9EA77 /* Service */ = {
			isa = PBXGroup;
			children = (
				09190D9F2888D29500B9EA77 /* DetailMovieService.swift */,
			);
			path = Service;
			sourceTree = "<group>";
		};
		09190D9C288716BA00B9EA77 /* Model */ = {
			isa = PBXGroup;
			children = (
				09190DA12888D3A800B9EA77 /* MovieDetails.swift */,
				09190DA92888D50200B9EA77 /* Genre.swift */,
			);
			path = Model;
			sourceTree = "<group>";
		};
		092E2F922879F76D00AD5015 /* ViewModel */ = {
			isa = PBXGroup;
			children = (
			);
			path = ViewModel;
			sourceTree = "<group>";
		};
		092E2F97287B1E9800AD5015 /* Top Movie List */ = {
			isa = PBXGroup;
			children = (
				092E2F99287B1F3800AD5015 /* Model */,
				092E2F9A287B1F4300AD5015 /* View */,
				092E2F9B287B1F4A00AD5015 /* ViewModel */,
				092E2F98287B1EAD00AD5015 /* Service */,
			);
			path = "Top Movie List";
			sourceTree = "<group>";
		};
		092E2F98287B1EAD00AD5015 /* Service */ = {
			isa = PBXGroup;
			children = (
				098B3109287B61C40059C6B8 /* TopMovieService.swift */,
			);
			path = Service;
			sourceTree = "<group>";
		};
		092E2F99287B1F3800AD5015 /* Model */ = {
			isa = PBXGroup;
			children = (
				09B4A53F2885EDB5009EF7AE /* Movie.swift */,
				09B4A53E2885EDB4009EF7AE /* Movies.swift */,
				09B4A5422886371C009EF7AE /* MovieModel.swift */,
			);
			path = Model;
			sourceTree = "<group>";
		};
		092E2F9A287B1F4300AD5015 /* View */ = {
			isa = PBXGroup;
			children = (
				09A34200287FB4C300C06982 /* Cells */,
				092E2F9C287B1F7200AD5015 /* TopMovieViewController.swift */,
			);
			path = View;
			sourceTree = "<group>";
		};
		092E2F9B287B1F4A00AD5015 /* ViewModel */ = {
			isa = PBXGroup;
			children = (
				092E2F9E287B206700AD5015 /* TopMovieViewModel.swift */,
			);
			path = ViewModel;
			sourceTree = "<group>";
		};
		098ACF8C284524E80057CEF4 /* App */ = {
			isa = PBXGroup;
			children = (
				098ACF8D284524F00057CEF4 /* Utils */,
				098ACF8E284524FE0057CEF4 /* Share */,
				098ACF8F284525110057CEF4 /* Moduls */,
			);
			path = App;
			sourceTree = "<group>";
		};
		098ACF8D284524F00057CEF4 /* Utils */ = {
			isa = PBXGroup;
			children = (
				098B2B05286D4401000478A9 /* ValidationsData.swift */,
				09A341FE287F04E700C06982 /* UIImageView+Extension.swift */,
				09B4A5202881D7FA009EF7AE /* SpinnerLoadDelegate.swift */,
			);
			path = Utils;
			sourceTree = "<group>";
		};
		098ACF8E284524FE0057CEF4 /* Share */ = {
			isa = PBXGroup;
			children = (
				098ACF92284529230057CEF4 /* Networking */,
				09A0A29D2814D250002A13A7 /* Constants.swift */,
			);
			path = Share;
			sourceTree = "<group>";
		};
		098ACF8F284525110057CEF4 /* Moduls */ = {
			isa = PBXGroup;
			children = (
				092E2F97287B1E9800AD5015 /* Top Movie List */,
				098ACF9628452A270057CEF4 /* Sign Up */,
				098ACF9528452A050057CEF4 /* Log In */,
				098ACFA128452BCB0057CEF4 /* Welcome */,
				09190D982886E5B600B9EA77 /* Detail Movie */,
			);
			path = Moduls;
			sourceTree = "<group>";
		};
		098ACF92284529230057CEF4 /* Networking */ = {
			isa = PBXGroup;
			children = (
				098ACF932845293F0057CEF4 /* CallAPI.swift */,
			);
			path = Networking;
			sourceTree = "<group>";
		};
		098ACF9528452A050057CEF4 /* Log In */ = {
			isa = PBXGroup;
			children = (
				098ACF9928452A540057CEF4 /* View */,
				098ACF9828452A490057CEF4 /* Service */,
				098ACF9728452A320057CEF4 /* ViewModel */,
			);
			path = "Log In";
			sourceTree = "<group>";
		};
		098ACF9628452A270057CEF4 /* Sign Up */ = {
			isa = PBXGroup;
			children = (
				098ACF9C28452A6D0057CEF4 /* View */,
				098ACF9B28452A650057CEF4 /* Service */,
				098ACF9A28452A5C0057CEF4 /* ViewModel */,
			);
			path = "Sign Up";
			sourceTree = "<group>";
		};
		098ACF9728452A320057CEF4 /* ViewModel */ = {
			isa = PBXGroup;
			children = (
				098ACFA328454A860057CEF4 /* LogInViewModel.swift */,
			);
			path = ViewModel;
			sourceTree = "<group>";
		};
		098ACF9828452A490057CEF4 /* Service */ = {
			isa = PBXGroup;
			children = (
			);
			path = Service;
			sourceTree = "<group>";
		};
		098ACF9928452A540057CEF4 /* View */ = {
			isa = PBXGroup;
			children = (
				09276B25286F495E003D2A91 /* LogInViewController.swift */,
			);
			path = View;
			sourceTree = "<group>";
		};
		098ACF9A28452A5C0057CEF4 /* ViewModel */ = {
			isa = PBXGroup;
			children = (
				098B2B03286D3FB6000478A9 /* SignupViewModel.swift */,
			);
			path = ViewModel;
			sourceTree = "<group>";
		};
		098ACF9B28452A650057CEF4 /* Service */ = {
			isa = PBXGroup;
			children = (
			);
			path = Service;
			sourceTree = "<group>";
		};
		098ACF9C28452A6D0057CEF4 /* View */ = {
			isa = PBXGroup;
			children = (
				0903693E285FE2FF002D90E6 /* SignupViewController.swift */,
			);
			path = View;
			sourceTree = "<group>";
		};
		098ACFA128452BCB0057CEF4 /* Welcome */ = {
			isa = PBXGroup;
			children = (
				092E2F922879F76D00AD5015 /* ViewModel */,
				098ACFA228452BD60057CEF4 /* View */,
			);
			path = Welcome;
			sourceTree = "<group>";
		};
		098ACFA228452BD60057CEF4 /* View */ = {
			isa = PBXGroup;
			children = (
			);
			path = View;
			sourceTree = "<group>";
		};
		09A34200287FB4C300C06982 /* Cells */ = {
			isa = PBXGroup;
			children = (
				09A34203287FC4B900C06982 /* TopMovieCustomCell.swift */,
			);
			path = Cells;
			sourceTree = "<group>";
		};
		09A696692814816500D9A937 = {
			isa = PBXGroup;
			children = (
				09A696742814816500D9A937 /* MovieApp 2.0 */,
				09A696732814816500D9A937 /* Products */,
				4DAE92BD8ACD7B0454FB5721 /* Pods */,
				5C482D7127EC8DA3A3BF4BD2 /* Frameworks */,
			);
			sourceTree = "<group>";
		};
		09A696732814816500D9A937 /* Products */ = {
			isa = PBXGroup;
			children = (
				09A696722814816500D9A937 /* MovieApp 2.0.app */,
			);
			name = Products;
			sourceTree = "<group>";
		};
		09A696742814816500D9A937 /* MovieApp 2.0 */ = {
			isa = PBXGroup;
			children = (
				098ACF8C284524E80057CEF4 /* App */,
				09A696752814816500D9A937 /* AppDelegate.swift */,
				09A696772814816500D9A937 /* SceneDelegate.swift */,
				09A6967E2814816A00D9A937 /* Assets.xcassets */,
				09A696802814816A00D9A937 /* LaunchScreen.storyboard */,
				09A696832814816A00D9A937 /* Info.plist */,
				095EDE40281B7B3C00EED2B6 /* GoogleService-Info.plist */,
			);
			path = "MovieApp 2.0";
			sourceTree = "<group>";
		};
		4DAE92BD8ACD7B0454FB5721 /* Pods */ = {
			isa = PBXGroup;
			children = (
				0838E1912A0194BAC978FBC2 /* Pods-MovieApp 2.0.debug.xcconfig */,
				98C7FF382D3731FF527FC1CA /* Pods-MovieApp 2.0.release.xcconfig */,
			);
			path = Pods;
			sourceTree = "<group>";
		};
		5C482D7127EC8DA3A3BF4BD2 /* Frameworks */ = {
			isa = PBXGroup;
			children = (
				158A3D57E3F077C222D87395 /* Pods_MovieApp_2_0.framework */,
			);
			name = Frameworks;
			sourceTree = "<group>";
		};
/* End PBXGroup section */

/* Begin PBXNativeTarget section */
		09A696712814816500D9A937 /* MovieApp 2.0 */ = {
			isa = PBXNativeTarget;
			buildConfigurationList = 09A696862814816A00D9A937 /* Build configuration list for PBXNativeTarget "MovieApp 2.0" */;
			buildPhases = (
				A0A5119D8A63A78C1E0E0A04 /* [CP] Check Pods Manifest.lock */,
				09A6966E2814816500D9A937 /* Sources */,
				09A6966F2814816500D9A937 /* Frameworks */,
				09A696702814816500D9A937 /* Resources */,
				5B2F6451945821DB1639167C /* [CP] Embed Pods Frameworks */,
			);
			buildRules = (
			);
			dependencies = (
			);
			name = "MovieApp 2.0";
			productName = "MovieApp 2.0";
			productReference = 09A696722814816500D9A937 /* MovieApp 2.0.app */;
			productType = "com.apple.product-type.application";
		};
/* End PBXNativeTarget section */

/* Begin PBXProject section */
		09A6966A2814816500D9A937 /* Project object */ = {
			isa = PBXProject;
			attributes = {
				BuildIndependentTargetsInParallel = 1;
				LastSwiftUpdateCheck = 1310;
				LastUpgradeCheck = 1310;
				TargetAttributes = {
					09A696712814816500D9A937 = {
						CreatedOnToolsVersion = 13.1;
					};
				};
			};
			buildConfigurationList = 09A6966D2814816500D9A937 /* Build configuration list for PBXProject "MovieApp 2.0" */;
			compatibilityVersion = "Xcode 13.0";
			developmentRegion = en;
			hasScannedForEncodings = 0;
			knownRegions = (
				en,
				Base,
			);
			mainGroup = 09A696692814816500D9A937;
			productRefGroup = 09A696732814816500D9A937 /* Products */;
			projectDirPath = "";
			projectRoot = "";
			targets = (
				09A696712814816500D9A937 /* MovieApp 2.0 */,
			);
		};
/* End PBXProject section */

/* Begin PBXResourcesBuildPhase section */
		09A696702814816500D9A937 /* Resources */ = {
			isa = PBXResourcesBuildPhase;
			buildActionMask = 2147483647;
			files = (
				09A696822814816A00D9A937 /* LaunchScreen.storyboard in Resources */,
				09A6967F2814816A00D9A937 /* Assets.xcassets in Resources */,
				095EDE41281B7B3C00EED2B6 /* GoogleService-Info.plist in Resources */,
			);
			runOnlyForDeploymentPostprocessing = 0;
		};
/* End PBXResourcesBuildPhase section */

/* Begin PBXShellScriptBuildPhase section */
		5B2F6451945821DB1639167C /* [CP] Embed Pods Frameworks */ = {
			isa = PBXShellScriptBuildPhase;
			buildActionMask = 2147483647;
			files = (
			);
			inputFileListPaths = (
				"${PODS_ROOT}/Target Support Files/Pods-MovieApp 2.0/Pods-MovieApp 2.0-frameworks-${CONFIGURATION}-input-files.xcfilelist",
			);
			name = "[CP] Embed Pods Frameworks";
			outputFileListPaths = (
				"${PODS_ROOT}/Target Support Files/Pods-MovieApp 2.0/Pods-MovieApp 2.0-frameworks-${CONFIGURATION}-output-files.xcfilelist",
			);
			runOnlyForDeploymentPostprocessing = 0;
			shellPath = /bin/sh;
			shellScript = "\"${PODS_ROOT}/Target Support Files/Pods-MovieApp 2.0/Pods-MovieApp 2.0-frameworks.sh\"\n";
			showEnvVarsInLog = 0;
		};
		A0A5119D8A63A78C1E0E0A04 /* [CP] Check Pods Manifest.lock */ = {
			isa = PBXShellScriptBuildPhase;
			buildActionMask = 2147483647;
			files = (
			);
			inputFileListPaths = (
			);
			inputPaths = (
				"${PODS_PODFILE_DIR_PATH}/Podfile.lock",
				"${PODS_ROOT}/Manifest.lock",
			);
			name = "[CP] Check Pods Manifest.lock";
			outputFileListPaths = (
			);
			outputPaths = (
				"$(DERIVED_FILE_DIR)/Pods-MovieApp 2.0-checkManifestLockResult.txt",
			);
			runOnlyForDeploymentPostprocessing = 0;
			shellPath = /bin/sh;
			shellScript = "diff \"${PODS_PODFILE_DIR_PATH}/Podfile.lock\" \"${PODS_ROOT}/Manifest.lock\" > /dev/null\nif [ $? != 0 ] ; then\n    # print error to STDERR\n    echo \"error: The sandbox is not in sync with the Podfile.lock. Run 'pod install' or update your CocoaPods installation.\" >&2\n    exit 1\nfi\n# This output is used by Xcode 'outputs' to avoid re-running this script phase.\necho \"SUCCESS\" > \"${SCRIPT_OUTPUT_FILE_0}\"\n";
			showEnvVarsInLog = 0;
		};
/* End PBXShellScriptBuildPhase section */

/* Begin PBXSourcesBuildPhase section */
		09A6966E2814816500D9A937 /* Sources */ = {
			isa = PBXSourcesBuildPhase;
			buildActionMask = 2147483647;
			files = (
				09B4A5432886371C009EF7AE /* MovieModel.swift in Sources */,
				092E2F9F287B206700AD5015 /* TopMovieViewModel.swift in Sources */,
				09A696762814816500D9A937 /* AppDelegate.swift in Sources */,
				09A696782814816500D9A937 /* SceneDelegate.swift in Sources */,
				098B2B06286D4401000478A9 /* ValidationsData.swift in Sources */,
				09190DA02888D29500B9EA77 /* DetailMovieService.swift in Sources */,
				09A0A29E2814D250002A13A7 /* Constants.swift in Sources */,
				0903693F285FE2FF002D90E6 /* SignupViewController.swift in Sources */,
				09190DAA2888D50200B9EA77 /* Genre.swift in Sources */,
				09190D9E2887318000B9EA77 /* DetailMovieViewModel.swift in Sources */,
				098B2B04286D3FB6000478A9 /* SignupViewModel.swift in Sources */,
				09190D972886E5AC00B9EA77 /* DetailMovieViewController.swift in Sources */,
				09190DA22888D3A800B9EA77 /* MovieDetails.swift in Sources */,
				09A34204287FC4B900C06982 /* TopMovieCustomCell.swift in Sources */,
				098B310A287B61C40059C6B8 /* TopMovieService.swift in Sources */,
				09276B26286F495E003D2A91 /* LogInViewController.swift in Sources */,
				092E2F9D287B1F7200AD5015 /* TopMovieViewController.swift in Sources */,
				09B4A5412885EDB5009EF7AE /* Movie.swift in Sources */,
				09B4A5212881D7FA009EF7AE /* SpinnerLoadDelegate.swift in Sources */,
				09A341FF287F04E700C06982 /* UIImageView+Extension.swift in Sources */,
				09B4A5402885EDB5009EF7AE /* Movies.swift in Sources */,
				098ACFA428454A860057CEF4 /* LogInViewModel.swift in Sources */,
				098ACF942845293F0057CEF4 /* CallAPI.swift in Sources */,
			);
			runOnlyForDeploymentPostprocessing = 0;
		};
/* End PBXSourcesBuildPhase section */

/* Begin PBXVariantGroup section */
		09A696802814816A00D9A937 /* LaunchScreen.storyboard */ = {
			isa = PBXVariantGroup;
			children = (
				09A696812814816A00D9A937 /* Base */,
			);
			name = LaunchScreen.storyboard;
			sourceTree = "<group>";
		};
/* End PBXVariantGroup section */

/* Begin XCBuildConfiguration section */
		09A696842814816A00D9A937 /* Debug */ = {
			isa = XCBuildConfiguration;
			buildSettings = {
				ALWAYS_SEARCH_USER_PATHS = NO;
				CLANG_ANALYZER_NONNULL = YES;
				CLANG_ANALYZER_NUMBER_OBJECT_CONVERSION = YES_AGGRESSIVE;
				CLANG_CXX_LANGUAGE_STANDARD = "gnu++17";
				CLANG_CXX_LIBRARY = "libc++";
				CLANG_ENABLE_MODULES = YES;
				CLANG_ENABLE_OBJC_ARC = YES;
				CLANG_ENABLE_OBJC_WEAK = YES;
				CLANG_WARN_BLOCK_CAPTURE_AUTORELEASING = YES;
				CLANG_WARN_BOOL_CONVERSION = YES;
				CLANG_WARN_COMMA = YES;
				CLANG_WARN_CONSTANT_CONVERSION = YES;
				CLANG_WARN_DEPRECATED_OBJC_IMPLEMENTATIONS = YES;
				CLANG_WARN_DIRECT_OBJC_ISA_USAGE = YES_ERROR;
				CLANG_WARN_DOCUMENTATION_COMMENTS = YES;
				CLANG_WARN_EMPTY_BODY = YES;
				CLANG_WARN_ENUM_CONVERSION = YES;
				CLANG_WARN_INFINITE_RECURSION = YES;
				CLANG_WARN_INT_CONVERSION = YES;
				CLANG_WARN_NON_LITERAL_NULL_CONVERSION = YES;
				CLANG_WARN_OBJC_IMPLICIT_RETAIN_SELF = YES;
				CLANG_WARN_OBJC_LITERAL_CONVERSION = YES;
				CLANG_WARN_OBJC_ROOT_CLASS = YES_ERROR;
				CLANG_WARN_QUOTED_INCLUDE_IN_FRAMEWORK_HEADER = YES;
				CLANG_WARN_RANGE_LOOP_ANALYSIS = YES;
				CLANG_WARN_STRICT_PROTOTYPES = YES;
				CLANG_WARN_SUSPICIOUS_MOVE = YES;
				CLANG_WARN_UNGUARDED_AVAILABILITY = YES_AGGRESSIVE;
				CLANG_WARN_UNREACHABLE_CODE = YES;
				CLANG_WARN__DUPLICATE_METHOD_MATCH = YES;
				COPY_PHASE_STRIP = NO;
				DEBUG_INFORMATION_FORMAT = dwarf;
				ENABLE_STRICT_OBJC_MSGSEND = YES;
				ENABLE_TESTABILITY = YES;
				GCC_C_LANGUAGE_STANDARD = gnu11;
				GCC_DYNAMIC_NO_PIC = NO;
				GCC_NO_COMMON_BLOCKS = YES;
				GCC_OPTIMIZATION_LEVEL = 0;
				GCC_PREPROCESSOR_DEFINITIONS = (
					"DEBUG=1",
					"$(inherited)",
				);
				GCC_WARN_64_TO_32_BIT_CONVERSION = YES;
				GCC_WARN_ABOUT_RETURN_TYPE = YES_ERROR;
				GCC_WARN_UNDECLARED_SELECTOR = YES;
				GCC_WARN_UNINITIALIZED_AUTOS = YES_AGGRESSIVE;
				GCC_WARN_UNUSED_FUNCTION = YES;
				GCC_WARN_UNUSED_VARIABLE = YES;
				IPHONEOS_DEPLOYMENT_TARGET = 13.0;
				MTL_ENABLE_DEBUG_INFO = INCLUDE_SOURCE;
				MTL_FAST_MATH = YES;
				ONLY_ACTIVE_ARCH = YES;
				SDKROOT = iphoneos;
				SWIFT_ACTIVE_COMPILATION_CONDITIONS = DEBUG;
				SWIFT_OPTIMIZATION_LEVEL = "-Onone";
			};
			name = Debug;
		};
		09A696852814816A00D9A937 /* Release */ = {
			isa = XCBuildConfiguration;
			buildSettings = {
				ALWAYS_SEARCH_USER_PATHS = NO;
				CLANG_ANALYZER_NONNULL = YES;
				CLANG_ANALYZER_NUMBER_OBJECT_CONVERSION = YES_AGGRESSIVE;
				CLANG_CXX_LANGUAGE_STANDARD = "gnu++17";
				CLANG_CXX_LIBRARY = "libc++";
				CLANG_ENABLE_MODULES = YES;
				CLANG_ENABLE_OBJC_ARC = YES;
				CLANG_ENABLE_OBJC_WEAK = YES;
				CLANG_WARN_BLOCK_CAPTURE_AUTORELEASING = YES;
				CLANG_WARN_BOOL_CONVERSION = YES;
				CLANG_WARN_COMMA = YES;
				CLANG_WARN_CONSTANT_CONVERSION = YES;
				CLANG_WARN_DEPRECATED_OBJC_IMPLEMENTATIONS = YES;
				CLANG_WARN_DIRECT_OBJC_ISA_USAGE = YES_ERROR;
				CLANG_WARN_DOCUMENTATION_COMMENTS = YES;
				CLANG_WARN_EMPTY_BODY = YES;
				CLANG_WARN_ENUM_CONVERSION = YES;
				CLANG_WARN_INFINITE_RECURSION = YES;
				CLANG_WARN_INT_CONVERSION = YES;
				CLANG_WARN_NON_LITERAL_NULL_CONVERSION = YES;
				CLANG_WARN_OBJC_IMPLICIT_RETAIN_SELF = YES;
				CLANG_WARN_OBJC_LITERAL_CONVERSION = YES;
				CLANG_WARN_OBJC_ROOT_CLASS = YES_ERROR;
				CLANG_WARN_QUOTED_INCLUDE_IN_FRAMEWORK_HEADER = YES;
				CLANG_WARN_RANGE_LOOP_ANALYSIS = YES;
				CLANG_WARN_STRICT_PROTOTYPES = YES;
				CLANG_WARN_SUSPICIOUS_MOVE = YES;
				CLANG_WARN_UNGUARDED_AVAILABILITY = YES_AGGRESSIVE;
				CLANG_WARN_UNREACHABLE_CODE = YES;
				CLANG_WARN__DUPLICATE_METHOD_MATCH = YES;
				COPY_PHASE_STRIP = NO;
				DEBUG_INFORMATION_FORMAT = "dwarf-with-dsym";
				ENABLE_NS_ASSERTIONS = NO;
				ENABLE_STRICT_OBJC_MSGSEND = YES;
				GCC_C_LANGUAGE_STANDARD = gnu11;
				GCC_NO_COMMON_BLOCKS = YES;
				GCC_WARN_64_TO_32_BIT_CONVERSION = YES;
				GCC_WARN_ABOUT_RETURN_TYPE = YES_ERROR;
				GCC_WARN_UNDECLARED_SELECTOR = YES;
				GCC_WARN_UNINITIALIZED_AUTOS = YES_AGGRESSIVE;
				GCC_WARN_UNUSED_FUNCTION = YES;
				GCC_WARN_UNUSED_VARIABLE = YES;
				IPHONEOS_DEPLOYMENT_TARGET = 13.0;
				MTL_ENABLE_DEBUG_INFO = NO;
				MTL_FAST_MATH = YES;
				SDKROOT = iphoneos;
				SWIFT_COMPILATION_MODE = wholemodule;
				SWIFT_OPTIMIZATION_LEVEL = "-O";
				VALIDATE_PRODUCT = YES;
			};
			name = Release;
		};
		09A696872814816A00D9A937 /* Debug */ = {
			isa = XCBuildConfiguration;
			baseConfigurationReference = 0838E1912A0194BAC978FBC2 /* Pods-MovieApp 2.0.debug.xcconfig */;
			buildSettings = {
				ASSETCATALOG_COMPILER_APPICON_NAME = AppIcon;
				ASSETCATALOG_COMPILER_GLOBAL_ACCENT_COLOR_NAME = AccentColor;
				CODE_SIGN_STYLE = Automatic;
				CURRENT_PROJECT_VERSION = 1;
				DEVELOPMENT_TEAM = 5WR73Q6863;
				GENERATE_INFOPLIST_FILE = YES;
				INFOPLIST_FILE = "MovieApp 2.0/Info.plist";
				INFOPLIST_KEY_UIApplicationSupportsIndirectInputEvents = YES;
				INFOPLIST_KEY_UILaunchStoryboardName = LaunchScreen;
				INFOPLIST_KEY_UISupportedInterfaceOrientations_iPad = "UIInterfaceOrientationPortrait UIInterfaceOrientationPortraitUpsideDown UIInterfaceOrientationLandscapeLeft UIInterfaceOrientationLandscapeRight";
				INFOPLIST_KEY_UISupportedInterfaceOrientations_iPhone = "UIInterfaceOrientationPortrait UIInterfaceOrientationLandscapeLeft UIInterfaceOrientationLandscapeRight";
				LD_RUNPATH_SEARCH_PATHS = (
					"$(inherited)",
					"@executable_path/Frameworks",
				);
				MARKETING_VERSION = 1.0;
				PRODUCT_BUNDLE_IDENTIFIER = "com.adriancysvillegas.MovieApp-2-0";
				PRODUCT_NAME = "$(TARGET_NAME)";
				SWIFT_EMIT_LOC_STRINGS = YES;
				SWIFT_VERSION = 5.0;
				TARGETED_DEVICE_FAMILY = "1,2";
			};
			name = Debug;
		};
		09A696882814816A00D9A937 /* Release */ = {
			isa = XCBuildConfiguration;
			baseConfigurationReference = 98C7FF382D3731FF527FC1CA /* Pods-MovieApp 2.0.release.xcconfig */;
			buildSettings = {
				ASSETCATALOG_COMPILER_APPICON_NAME = AppIcon;
				ASSETCATALOG_COMPILER_GLOBAL_ACCENT_COLOR_NAME = AccentColor;
				CODE_SIGN_STYLE = Automatic;
				CURRENT_PROJECT_VERSION = 1;
				DEVELOPMENT_TEAM = 5WR73Q6863;
				GENERATE_INFOPLIST_FILE = YES;
				INFOPLIST_FILE = "MovieApp 2.0/Info.plist";
				INFOPLIST_KEY_UIApplicationSupportsIndirectInputEvents = YES;
				INFOPLIST_KEY_UILaunchStoryboardName = LaunchScreen;
				INFOPLIST_KEY_UISupportedInterfaceOrientations_iPad = "UIInterfaceOrientationPortrait UIInterfaceOrientationPortraitUpsideDown UIInterfaceOrientationLandscapeLeft UIInterfaceOrientationLandscapeRight";
				INFOPLIST_KEY_UISupportedInterfaceOrientations_iPhone = "UIInterfaceOrientationPortrait UIInterfaceOrientationLandscapeLeft UIInterfaceOrientationLandscapeRight";
				LD_RUNPATH_SEARCH_PATHS = (
					"$(inherited)",
					"@executable_path/Frameworks",
				);
				MARKETING_VERSION = 1.0;
				PRODUCT_BUNDLE_IDENTIFIER = "com.adriancysvillegas.MovieApp-2-0";
				PRODUCT_NAME = "$(TARGET_NAME)";
				SWIFT_EMIT_LOC_STRINGS = YES;
				SWIFT_VERSION = 5.0;
				TARGETED_DEVICE_FAMILY = "1,2";
			};
			name = Release;
		};
/* End XCBuildConfiguration section */

/* Begin XCConfigurationList section */
		09A6966D2814816500D9A937 /* Build configuration list for PBXProject "MovieApp 2.0" */ = {
			isa = XCConfigurationList;
			buildConfigurations = (
				09A696842814816A00D9A937 /* Debug */,
				09A696852814816A00D9A937 /* Release */,
			);
			defaultConfigurationIsVisible = 0;
			defaultConfigurationName = Release;
		};
		09A696862814816A00D9A937 /* Build configuration list for PBXNativeTarget "MovieApp 2.0" */ = {
			isa = XCConfigurationList;
			buildConfigurations = (
				09A696872814816A00D9A937 /* Debug */,
				09A696882814816A00D9A937 /* Release */,
			);
			defaultConfigurationIsVisible = 0;
			defaultConfigurationName = Release;
		};
/* End XCConfigurationList section */
	};
	rootObject = 09A6966A2814816500D9A937 /* Project object */;
}
